
Microsoft Visual Studio Solution File, Format Version 12.00
# Visual Studio Version 17
VisualStudioVersion = 17.5.002.0
MinimumVisualStudioVersion = 10.0.40219.1
Project("{9A19103F-16F7-4668-BE54-9A1E7A4F7556}") = "GameStore.Client", "GameStore.Client.csproj", "{E5F81BFA-B076-4DD4-8516-B3EDA2436C87}"
EndProject
Global
	GlobalSection(SolutionConfigurationPlatforms) = preSolution
		Debug|Any CPU = Debug|Any CPU
		Release|Any CPU = Release|Any CPU
	EndGlobalSection
	GlobalSection(ProjectConfigurationPlatforms) = postSolution
		{E5F81BFA-B076-4DD4-8516-B3EDA2436C87}.Debug|Any CPU.ActiveCfg = Debug|Any CPU
		{E5F81BFA-B076-4DD4-8516-B3EDA2436C87}.Debug|Any CPU.Build.0 = Debug|Any CPU
		{E5F81BFA-B076-4DD4-8516-B3EDA2436C87}.Release|Any CPU.ActiveCfg = Release|Any CPU
		{E5F81BFA-B076-4DD4-8516-B3EDA2436C87}.Release|Any CPU.Build.0 = Release|Any CPU
	EndGlobalSection
	GlobalSection(SolutionProperties) = preSolution
		HideSolutionNode = FALSE
	EndGlobalSection
	GlobalSection(ExtensibilityGlobals) = postSolution
		SolutionGuid = {D17E4187-EA53-4094-A844-AF2010EFA3EE}
	EndGlobalSection
EndGlobal
